<?xml version="1.0" encoding="utf-8"?>
<Project ToolsVersion="4.0" xmlns="http://schemas.microsoft.com/developer/msbuild/2003">
  <ItemGroup>
    <Filter Include="Pliki źródłowe">
      <UniqueIdentifier>{4FC737F1-C7A5-4376-A066-2A32D752A2FF}</UniqueIdentifier>
      <Extensions>cpp;c;cc;cxx;def;odl;idl;hpj;bat;asm;asmx</Extensions>
    </Filter>
    <Filter Include="Pliki nagłówkowe">
      <UniqueIdentifier>{93995380-89BD-4b04-88EB-625FBE52EBFB}</UniqueIdentifier>
      <Extensions>h;hh;hpp;hxx;hm;inl;inc;ipp;xsd</Extensions>
    </Filter>
    <Filter Include="Pliki zasobów">
      <UniqueIdentifier>{67DA6AB6-F800-4c08-8B7A-83BB121AAD01}</UniqueIdentifier>
      <Extensions>rc;ico;cur;bmp;dlg;rc2;rct;bin;rgs;gif;jpg;jpeg;jpe;resx;tiff;tif;png;wav;mfcribbon-ms</Extensions>
    </Filter>
    <Filter Include="Pliki źródłowe\GameInitialization">
      <UniqueIdentifier>{2d4e7533-7323-4836-bcca-276af953ae4e}</UniqueIdentifier>
    </Filter>
    <Filter Include="Pliki źródłowe\GameSettings">
      <UniqueIdentifier>{1c5e117b-cf43-4dbc-b555-0bb7098c9629}</UniqueIdentifier>
    </Filter>
    <Filter Include="Pliki źródłowe\World">
      <UniqueIdentifier>{1d4b6c7b-1d68-458b-975d-710cb8ddf5b9}</UniqueIdentifier>
    </Filter>
    <Filter Include="Pliki źródłowe\Player">
      <UniqueIdentifier>{44be836c-19b3-46f8-b513-ecf3d2c15bff}</UniqueIdentifier>
    </Filter>
    <Filter Include="Pliki źródłowe\Components">
      <UniqueIdentifier>{4676b038-876a-4d1d-bd38-69229a32a93f}</UniqueIdentifier>
    </Filter>
  </ItemGroup>
  <ItemGroup>
    <ClCompile Include="GameLoop.cpp">
      <Filter>Pliki źródłowe</Filter>
    </ClCompile>
    <ClCompile Include="stdafx.cpp">
      <Filter>Pliki nagłówkowe</Filter>
    </ClCompile>
    <ClCompile Include="GameInitialization.cpp">
      <Filter>Pliki źródłowe\GameInitialization</Filter>
    </ClCompile>
    <ClCompile Include="GraphicsSettings.cpp">
      <Filter>Pliki źródłowe\GameSettings</Filter>
    </ClCompile>
    <ClCompile Include="World.cpp">
      <Filter>Pliki źródłowe\World</Filter>
    </ClCompile>
    <ClCompile Include="Player.cpp">
      <Filter>Pliki źródłowe\Player</Filter>
    </ClCompile>
    <ClCompile Include="AnimationComponent.cpp">
      <Filter>Pliki źródłowe\Components</Filter>
    </ClCompile>
    <ClCompile Include="MovementComponent.cpp">
      <Filter>Pliki źródłowe\Components</Filter>
    </ClCompile>
  </ItemGroup>
  <ItemGroup>
    <ClInclude Include="stdafx.h">
      <Filter>Pliki nagłówkowe</Filter>
    </ClInclude>
    <ClInclude Include="GameInitialization.h">
      <Filter>Pliki źródłowe\GameInitialization</Filter>
    </ClInclude>
    <ClInclude Include="GraphicsSettings.h">
      <Filter>Pliki źródłowe\GameSettings</Filter>
    </ClInclude>
    <ClInclude Include="World.h">
      <Filter>Pliki źródłowe\World</Filter>
    </ClInclude>
    <ClInclude Include="Player.h">
      <Filter>Pliki źródłowe\Player</Filter>
    </ClInclude>
    <ClInclude Include="AnimationComponent.h">
      <Filter>Pliki źródłowe\Components</Filter>
    </ClInclude>
    <ClInclude Include="MovementComponent.h">
      <Filter>Pliki źródłowe\Components</Filter>
    </ClInclude>
  </ItemGroup>
</Project>